
Microsoft Visual Studio Solution File, Format Version 12.00
# Visual Studio Version 17
VisualStudioVersion = 17.5.33516.290
MinimumVisualStudioVersion = 10.0.40219.1
Project("{9A19103F-16F7-4668-BE54-9A1E7A4F7556}") = "1. Diagonal Difference", "1. Diagonal Difference\1. Diagonal Difference.csproj", "{552EF8ED-F494-4992-8A54-0C537225E7BC}"
EndProject
Project("{9A19103F-16F7-4668-BE54-9A1E7A4F7556}") = "2. Squares in Matrix", "2. Squares in Matrix\2. Squares in Matrix.csproj", "{D9330D2E-0E1F-451F-B342-A2265920C6D1}"
EndProject
Project("{9A19103F-16F7-4668-BE54-9A1E7A4F7556}") = "3. Maximal Sum", "3. Maximal Sum\3. Maximal Sum.csproj", "{35ADC30B-24E1-40D2-9DC8-2FF59181DD02}"
EndProject
Project("{FAE04EC0-301F-11D3-BF4B-00C04F79EFBC}") = "4. Matrix Shuffling", "4. Matrix Shuffling\4. Matrix Shuffling.csproj", "{BBC071AA-F789-47A6-BDE6-87521BAB774F}"
EndProject
Project("{FAE04EC0-301F-11D3-BF4B-00C04F79EFBC}") = "5. Snake Moves", "5. Snake Moves\5. Snake Moves.csproj", "{9E506478-30F4-4CD0-A2F9-380DCCCAD724}"
EndProject
Project("{FAE04EC0-301F-11D3-BF4B-00C04F79EFBC}") = "6. Jagged Array Manipulator", "6. Jagged Array Manipulator\6. Jagged Array Manipulator.csproj", "{B2446E83-6442-436A-BB84-3270B5C316EF}"
EndProject
Project("{FAE04EC0-301F-11D3-BF4B-00C04F79EFBC}") = "7. Knight Game", "7. Knight Game\7. Knight Game.csproj", "{AEDFE404-0621-4A41-8DB8-4FADFB92E89A}"
EndProject
Global
	GlobalSection(SolutionConfigurationPlatforms) = preSolution
		Debug|Any CPU = Debug|Any CPU
		Release|Any CPU = Release|Any CPU
	EndGlobalSection
	GlobalSection(ProjectConfigurationPlatforms) = postSolution
		{552EF8ED-F494-4992-8A54-0C537225E7BC}.Debug|Any CPU.ActiveCfg = Debug|Any CPU
		{552EF8ED-F494-4992-8A54-0C537225E7BC}.Debug|Any CPU.Build.0 = Debug|Any CPU
		{552EF8ED-F494-4992-8A54-0C537225E7BC}.Release|Any CPU.ActiveCfg = Release|Any CPU
		{552EF8ED-F494-4992-8A54-0C537225E7BC}.Release|Any CPU.Build.0 = Release|Any CPU
		{D9330D2E-0E1F-451F-B342-A2265920C6D1}.Debug|Any CPU.ActiveCfg = Debug|Any CPU
		{D9330D2E-0E1F-451F-B342-A2265920C6D1}.Debug|Any CPU.Build.0 = Debug|Any CPU
		{D9330D2E-0E1F-451F-B342-A2265920C6D1}.Release|Any CPU.ActiveCfg = Release|Any CPU
		{D9330D2E-0E1F-451F-B342-A2265920C6D1}.Release|Any CPU.Build.0 = Release|Any CPU
		{35ADC30B-24E1-40D2-9DC8-2FF59181DD02}.Debug|Any CPU.ActiveCfg = Debug|Any CPU
		{35ADC30B-24E1-40D2-9DC8-2FF59181DD02}.Debug|Any CPU.Build.0 = Debug|Any CPU
		{35ADC30B-24E1-40D2-9DC8-2FF59181DD02}.Release|Any CPU.ActiveCfg = Release|Any CPU
		{35ADC30B-24E1-40D2-9DC8-2FF59181DD02}.Release|Any CPU.Build.0 = Release|Any CPU
		{BBC071AA-F789-47A6-BDE6-87521BAB774F}.Debug|Any CPU.ActiveCfg = Debug|Any CPU
		{BBC071AA-F789-47A6-BDE6-87521BAB774F}.Debug|Any CPU.Build.0 = Debug|Any CPU
		{BBC071AA-F789-47A6-BDE6-87521BAB774F}.Release|Any CPU.ActiveCfg = Release|Any CPU
		{BBC071AA-F789-47A6-BDE6-87521BAB774F}.Release|Any CPU.Build.0 = Release|Any CPU
		{9E506478-30F4-4CD0-A2F9-380DCCCAD724}.Debug|Any CPU.ActiveCfg = Debug|Any CPU
		{9E506478-30F4-4CD0-A2F9-380DCCCAD724}.Debug|Any CPU.Build.0 = Debug|Any CPU
		{9E506478-30F4-4CD0-A2F9-380DCCCAD724}.Release|Any CPU.ActiveCfg = Release|Any CPU
		{9E506478-30F4-4CD0-A2F9-380DCCCAD724}.Release|Any CPU.Build.0 = Release|Any CPU
		{B2446E83-6442-436A-BB84-3270B5C316EF}.Debug|Any CPU.ActiveCfg = Debug|Any CPU
		{B2446E83-6442-436A-BB84-3270B5C316EF}.Debug|Any CPU.Build.0 = Debug|Any CPU
		{B2446E83-6442-436A-BB84-3270B5C316EF}.Release|Any CPU.ActiveCfg = Release|Any CPU
		{B2446E83-6442-436A-BB84-3270B5C316EF}.Release|Any CPU.Build.0 = Release|Any CPU
		{AEDFE404-0621-4A41-8DB8-4FADFB92E89A}.Debug|Any CPU.ActiveCfg = Debug|Any CPU
		{AEDFE404-0621-4A41-8DB8-4FADFB92E89A}.Debug|Any CPU.Build.0 = Debug|Any CPU
		{AEDFE404-0621-4A41-8DB8-4FADFB92E89A}.Release|Any CPU.ActiveCfg = Release|Any CPU
		{AEDFE404-0621-4A41-8DB8-4FADFB92E89A}.Release|Any CPU.Build.0 = Release|Any CPU
	EndGlobalSection
	GlobalSection(SolutionProperties) = preSolution
		HideSolutionNode = FALSE
	EndGlobalSection
	GlobalSection(ExtensibilityGlobals) = postSolution
		SolutionGuid = {121E0051-71E9-4F36-8DBC-04953032446B}
	EndGlobalSection
EndGlobal
