
Microsoft Visual Studio Solution File, Format Version 12.00
# Visual Studio Version 17
VisualStudioVersion = 17.5.33516.290
MinimumVisualStudioVersion = 10.0.40219.1
Project("{FAE04EC0-301F-11D3-BF4B-00C04F79EFBC}") = "01. Unique Usernames", "01. Unique Usernames\01. Unique Usernames.csproj", "{35984EDD-6539-42BA-B78F-F98B41E8A764}"
EndProject
Project("{FAE04EC0-301F-11D3-BF4B-00C04F79EFBC}") = "02. Sets of Elements", "02. Sets of Elements\02. Sets of Elements.csproj", "{B9CB1061-E2FC-438B-AFD0-3BEC600C9FD5}"
EndProject
Project("{FAE04EC0-301F-11D3-BF4B-00C04F79EFBC}") = "03. Periodic Table", "03. Periodic Table\03. Periodic Table.csproj", "{97E344C9-2A32-4EC9-8694-C5B96C889239}"
EndProject
Project("{FAE04EC0-301F-11D3-BF4B-00C04F79EFBC}") = "04. Even Times", "04. Even Times\04. Even Times.csproj", "{FA010867-FE10-4834-9243-CF2EEABB3F3A}"
EndProject
Project("{FAE04EC0-301F-11D3-BF4B-00C04F79EFBC}") = "05. Count Symbols", "05. Count Symbols\05. Count Symbols.csproj", "{8A33F8E9-4903-4C3A-AA97-5D8BEBCF93DB}"
EndProject
Project("{FAE04EC0-301F-11D3-BF4B-00C04F79EFBC}") = "06. Wardrobe", "06. Wardrobe\06. Wardrobe.csproj", "{085473D3-7612-49E7-92C5-18A6F058C751}"
EndProject
Global
	GlobalSection(SolutionConfigurationPlatforms) = preSolution
		Debug|Any CPU = Debug|Any CPU
		Release|Any CPU = Release|Any CPU
	EndGlobalSection
	GlobalSection(ProjectConfigurationPlatforms) = postSolution
		{35984EDD-6539-42BA-B78F-F98B41E8A764}.Debug|Any CPU.ActiveCfg = Debug|Any CPU
		{35984EDD-6539-42BA-B78F-F98B41E8A764}.Debug|Any CPU.Build.0 = Debug|Any CPU
		{35984EDD-6539-42BA-B78F-F98B41E8A764}.Release|Any CPU.ActiveCfg = Release|Any CPU
		{35984EDD-6539-42BA-B78F-F98B41E8A764}.Release|Any CPU.Build.0 = Release|Any CPU
		{B9CB1061-E2FC-438B-AFD0-3BEC600C9FD5}.Debug|Any CPU.ActiveCfg = Debug|Any CPU
		{B9CB1061-E2FC-438B-AFD0-3BEC600C9FD5}.Debug|Any CPU.Build.0 = Debug|Any CPU
		{B9CB1061-E2FC-438B-AFD0-3BEC600C9FD5}.Release|Any CPU.ActiveCfg = Release|Any CPU
		{B9CB1061-E2FC-438B-AFD0-3BEC600C9FD5}.Release|Any CPU.Build.0 = Release|Any CPU
		{97E344C9-2A32-4EC9-8694-C5B96C889239}.Debug|Any CPU.ActiveCfg = Debug|Any CPU
		{97E344C9-2A32-4EC9-8694-C5B96C889239}.Debug|Any CPU.Build.0 = Debug|Any CPU
		{97E344C9-2A32-4EC9-8694-C5B96C889239}.Release|Any CPU.ActiveCfg = Release|Any CPU
		{97E344C9-2A32-4EC9-8694-C5B96C889239}.Release|Any CPU.Build.0 = Release|Any CPU
		{FA010867-FE10-4834-9243-CF2EEABB3F3A}.Debug|Any CPU.ActiveCfg = Debug|Any CPU
		{FA010867-FE10-4834-9243-CF2EEABB3F3A}.Debug|Any CPU.Build.0 = Debug|Any CPU
		{FA010867-FE10-4834-9243-CF2EEABB3F3A}.Release|Any CPU.ActiveCfg = Release|Any CPU
		{FA010867-FE10-4834-9243-CF2EEABB3F3A}.Release|Any CPU.Build.0 = Release|Any CPU
		{8A33F8E9-4903-4C3A-AA97-5D8BEBCF93DB}.Debug|Any CPU.ActiveCfg = Debug|Any CPU
		{8A33F8E9-4903-4C3A-AA97-5D8BEBCF93DB}.Debug|Any CPU.Build.0 = Debug|Any CPU
		{8A33F8E9-4903-4C3A-AA97-5D8BEBCF93DB}.Release|Any CPU.ActiveCfg = Release|Any CPU
		{8A33F8E9-4903-4C3A-AA97-5D8BEBCF93DB}.Release|Any CPU.Build.0 = Release|Any CPU
		{085473D3-7612-49E7-92C5-18A6F058C751}.Debug|Any CPU.ActiveCfg = Debug|Any CPU
		{085473D3-7612-49E7-92C5-18A6F058C751}.Debug|Any CPU.Build.0 = Debug|Any CPU
		{085473D3-7612-49E7-92C5-18A6F058C751}.Release|Any CPU.ActiveCfg = Release|Any CPU
		{085473D3-7612-49E7-92C5-18A6F058C751}.Release|Any CPU.Build.0 = Release|Any CPU
	EndGlobalSection
	GlobalSection(SolutionProperties) = preSolution
		HideSolutionNode = FALSE
	EndGlobalSection
	GlobalSection(ExtensibilityGlobals) = postSolution
		SolutionGuid = {1F6A3773-4CFE-4F4D-BCE0-EFC4D711EC5E}
	EndGlobalSection
EndGlobal
